
Microsoft Visual Studio Solution File, Format Version 12.00
# Visual Studio Version 17
VisualStudioVersion = 17.6.33815.320
MinimumVisualStudioVersion = 10.0.40219.1
Project("{9A19103F-16F7-4668-BE54-9A1E7A4F7556}") = "Publisher", "Publisher\Publisher.csproj", "{E37522BA-5E47-4A6B-95BC-E78B5CD1C7D0}"
EndProject
Project("{9A19103F-16F7-4668-BE54-9A1E7A4F7556}") = "Publisher.Patterns", "Publisher.Patterns\Publisher.Patterns.csproj", "{199AD0E9-85E9-4146-A265-D3F56AEA3F21}"
EndProject
Project("{9A19103F-16F7-4668-BE54-9A1E7A4F7556}") = "Publisher.DirectExchange", "Publisher.DirectExchange\Publisher.DirectExchange.csproj", "{9522CA68-7081-43FB-B945-5797B837504B}"
EndProject
Project("{9A19103F-16F7-4668-BE54-9A1E7A4F7556}") = "Publisher.FanoutExchange", "Publisher.FanoutExchange\Publisher.FanoutExchange.csproj", "{87BD7C9F-FD32-4601-B3E4-23B996DD6B19}"
EndProject
Project("{9A19103F-16F7-4668-BE54-9A1E7A4F7556}") = "Publisher.TopicExchange", "Publisher.TopicExchange\Publisher.TopicExchange.csproj", "{20F387C0-0FC1-4748-8D63-7845110B728C}"
EndProject
Project("{9A19103F-16F7-4668-BE54-9A1E7A4F7556}") = "Publisher.HeadersExchange", "Publisher.HeadersExchange\Publisher.HeadersExchange.csproj", "{E8877AE1-4D1B-48D2-BCC3-DEF8BEF32321}"
EndProject
Project("{9A19103F-16F7-4668-BE54-9A1E7A4F7556}") = "Publisher.ESB.MassTransit", "Publisher.ESB.MassTransit\Publisher.ESB.MassTransit.csproj", "{23FFE007-81AE-4AA7-B7A5-545E3130F726}"
EndProject
Project("{9A19103F-16F7-4668-BE54-9A1E7A4F7556}") = "Shared.ESB.MassTransit", "Shared.ESB.MassTransit\Shared.ESB.MassTransit.csproj", "{21CB1B5F-0742-436F-959F-39AF897BBB54}"
EndProject
Project("{FAE04EC0-301F-11D3-BF4B-00C04F79EFBC}") = "Publisher.ESB.MassTransit.WorkerService", "Publisher.ESB.MassTransit.WorkerService\Publisher.ESB.MassTransit.WorkerService.csproj", "{801E548E-BADD-43F9-98F1-0C7DB3C3B91E}"
EndProject
Project("{FAE04EC0-301F-11D3-BF4B-00C04F79EFBC}") = "Publisher.ESB.MassTransit.RequestResponsePattern", "Publisher.ESB.MassTransit.RequestResponsePattern\Publisher.ESB.MassTransit.RequestResponsePattern.csproj", "{11D104C6-0D54-4CDB-B651-07201E56663C}"
EndProject
Global
	GlobalSection(SolutionConfigurationPlatforms) = preSolution
		Debug|Any CPU = Debug|Any CPU
		Release|Any CPU = Release|Any CPU
	EndGlobalSection
	GlobalSection(ProjectConfigurationPlatforms) = postSolution
		{E37522BA-5E47-4A6B-95BC-E78B5CD1C7D0}.Debug|Any CPU.ActiveCfg = Debug|Any CPU
		{E37522BA-5E47-4A6B-95BC-E78B5CD1C7D0}.Debug|Any CPU.Build.0 = Debug|Any CPU
		{E37522BA-5E47-4A6B-95BC-E78B5CD1C7D0}.Release|Any CPU.ActiveCfg = Release|Any CPU
		{E37522BA-5E47-4A6B-95BC-E78B5CD1C7D0}.Release|Any CPU.Build.0 = Release|Any CPU
		{199AD0E9-85E9-4146-A265-D3F56AEA3F21}.Debug|Any CPU.ActiveCfg = Debug|Any CPU
		{199AD0E9-85E9-4146-A265-D3F56AEA3F21}.Debug|Any CPU.Build.0 = Debug|Any CPU
		{199AD0E9-85E9-4146-A265-D3F56AEA3F21}.Release|Any CPU.ActiveCfg = Release|Any CPU
		{199AD0E9-85E9-4146-A265-D3F56AEA3F21}.Release|Any CPU.Build.0 = Release|Any CPU
		{9522CA68-7081-43FB-B945-5797B837504B}.Debug|Any CPU.ActiveCfg = Debug|Any CPU
		{9522CA68-7081-43FB-B945-5797B837504B}.Debug|Any CPU.Build.0 = Debug|Any CPU
		{9522CA68-7081-43FB-B945-5797B837504B}.Release|Any CPU.ActiveCfg = Release|Any CPU
		{9522CA68-7081-43FB-B945-5797B837504B}.Release|Any CPU.Build.0 = Release|Any CPU
		{87BD7C9F-FD32-4601-B3E4-23B996DD6B19}.Debug|Any CPU.ActiveCfg = Debug|Any CPU
		{87BD7C9F-FD32-4601-B3E4-23B996DD6B19}.Debug|Any CPU.Build.0 = Debug|Any CPU
		{87BD7C9F-FD32-4601-B3E4-23B996DD6B19}.Release|Any CPU.ActiveCfg = Release|Any CPU
		{87BD7C9F-FD32-4601-B3E4-23B996DD6B19}.Release|Any CPU.Build.0 = Release|Any CPU
		{20F387C0-0FC1-4748-8D63-7845110B728C}.Debug|Any CPU.ActiveCfg = Debug|Any CPU
		{20F387C0-0FC1-4748-8D63-7845110B728C}.Debug|Any CPU.Build.0 = Debug|Any CPU
		{20F387C0-0FC1-4748-8D63-7845110B728C}.Release|Any CPU.ActiveCfg = Release|Any CPU
		{20F387C0-0FC1-4748-8D63-7845110B728C}.Release|Any CPU.Build.0 = Release|Any CPU
		{E8877AE1-4D1B-48D2-BCC3-DEF8BEF32321}.Debug|Any CPU.ActiveCfg = Debug|Any CPU
		{E8877AE1-4D1B-48D2-BCC3-DEF8BEF32321}.Debug|Any CPU.Build.0 = Debug|Any CPU
		{E8877AE1-4D1B-48D2-BCC3-DEF8BEF32321}.Release|Any CPU.ActiveCfg = Release|Any CPU
		{E8877AE1-4D1B-48D2-BCC3-DEF8BEF32321}.Release|Any CPU.Build.0 = Release|Any CPU
		{23FFE007-81AE-4AA7-B7A5-545E3130F726}.Debug|Any CPU.ActiveCfg = Debug|Any CPU
		{23FFE007-81AE-4AA7-B7A5-545E3130F726}.Debug|Any CPU.Build.0 = Debug|Any CPU
		{23FFE007-81AE-4AA7-B7A5-545E3130F726}.Release|Any CPU.ActiveCfg = Release|Any CPU
		{23FFE007-81AE-4AA7-B7A5-545E3130F726}.Release|Any CPU.Build.0 = Release|Any CPU
		{21CB1B5F-0742-436F-959F-39AF897BBB54}.Debug|Any CPU.ActiveCfg = Debug|Any CPU
		{21CB1B5F-0742-436F-959F-39AF897BBB54}.Debug|Any CPU.Build.0 = Debug|Any CPU
		{21CB1B5F-0742-436F-959F-39AF897BBB54}.Release|Any CPU.ActiveCfg = Release|Any CPU
		{21CB1B5F-0742-436F-959F-39AF897BBB54}.Release|Any CPU.Build.0 = Release|Any CPU
		{801E548E-BADD-43F9-98F1-0C7DB3C3B91E}.Debug|Any CPU.ActiveCfg = Debug|Any CPU
		{801E548E-BADD-43F9-98F1-0C7DB3C3B91E}.Debug|Any CPU.Build.0 = Debug|Any CPU
		{801E548E-BADD-43F9-98F1-0C7DB3C3B91E}.Release|Any CPU.ActiveCfg = Release|Any CPU
		{801E548E-BADD-43F9-98F1-0C7DB3C3B91E}.Release|Any CPU.Build.0 = Release|Any CPU
		{11D104C6-0D54-4CDB-B651-07201E56663C}.Debug|Any CPU.ActiveCfg = Debug|Any CPU
		{11D104C6-0D54-4CDB-B651-07201E56663C}.Debug|Any CPU.Build.0 = Debug|Any CPU
		{11D104C6-0D54-4CDB-B651-07201E56663C}.Release|Any CPU.ActiveCfg = Release|Any CPU
		{11D104C6-0D54-4CDB-B651-07201E56663C}.Release|Any CPU.Build.0 = Release|Any CPU
	EndGlobalSection
	GlobalSection(SolutionProperties) = preSolution
		HideSolutionNode = FALSE
	EndGlobalSection
	GlobalSection(ExtensibilityGlobals) = postSolution
		SolutionGuid = {B047B85C-0061-43EA-9B2C-6CAFDAB79D36}
	EndGlobalSection
EndGlobal
